// !$*UTF8*$!
{
	archiveVersion = 1;
	classes = {
	};
	objectVersion = 56;
	objects = {

/* Begin PBXBuildFile section */
		4E2303632A16C66100E46012 /* OfflineBarView.swift in Sources */ = {isa = PBXBuildFile; fileRef = 4E2303622A16C66100E46012 /* OfflineBarView.swift */; };
		4E2303652A16E2AC00E46012 /* LessonDetailViewController.swift in Sources */ = {isa = PBXBuildFile; fileRef = 4E2303642A16E2AC00E46012 /* LessonDetailViewController.swift */; };
		4E2303672A18B9D700E46012 /* DownloadButton.swift in Sources */ = {isa = PBXBuildFile; fileRef = 4E2303662A18B9D700E46012 /* DownloadButton.swift */; };
		4E3390BC2A00F27100992071 /* Lesson.swift in Sources */ = {isa = PBXBuildFile; fileRef = 4E3390BB2A00F27100992071 /* Lesson.swift */; };
		4E3773C72A1AAD76001B92C3 /* NetworkingTest.swift in Sources */ = {isa = PBXBuildFile; fileRef = 4E3773C62A1AAD76001B92C3 /* NetworkingTest.swift */; };
		4E9B42BE2998372000FB464D /* PhotoLessonsApp.swift in Sources */ = {isa = PBXBuildFile; fileRef = 4E9B42BD2998372000FB464D /* PhotoLessonsApp.swift */; };
		4E9B42C02998372000FB464D /* ContentView.swift in Sources */ = {isa = PBXBuildFile; fileRef = 4E9B42BF2998372000FB464D /* ContentView.swift */; };
		4E9B42C22998372100FB464D /* Assets.xcassets in Resources */ = {isa = PBXBuildFile; fileRef = 4E9B42C12998372100FB464D /* Assets.xcassets */; };
		4E9B42C52998372100FB464D /* Preview Assets.xcassets in Resources */ = {isa = PBXBuildFile; fileRef = 4E9B42C42998372100FB464D /* Preview Assets.xcassets */; };
		4E9B42CF2998372200FB464D /* PhotoLessonsTests.swift in Sources */ = {isa = PBXBuildFile; fileRef = 4E9B42CE2998372200FB464D /* PhotoLessonsTests.swift */; };
		4E9B42D92998372200FB464D /* PhotoLessonsUITests.swift in Sources */ = {isa = PBXBuildFile; fileRef = 4E9B42D82998372200FB464D /* PhotoLessonsUITests.swift */; };
		4E9B42DB2998372200FB464D /* PhotoLessonsUITestsLaunchTests.swift in Sources */ = {isa = PBXBuildFile; fileRef = 4E9B42DA2998372200FB464D /* PhotoLessonsUITestsLaunchTests.swift */; };
		4EFCD1D92A028086004F87BE /* Constants .swift in Sources */ = {isa = PBXBuildFile; fileRef = 4EFCD1D82A028086004F87BE /* Constants .swift */; };
		4EFCD1DB2A02809D004F87BE /* HTTPRequestMethod.swift in Sources */ = {isa = PBXBuildFile; fileRef = 4EFCD1DA2A02809D004F87BE /* HTTPRequestMethod.swift */; };
		4EFCD1DD2A0280C0004F87BE /* URLRequest+init.swift in Sources */ = {isa = PBXBuildFile; fileRef = 4EFCD1DC2A0280C0004F87BE /* URLRequest+init.swift */; };
		4EFCD1DF2A0280D5004F87BE /* Endpoint.swift in Sources */ = {isa = PBXBuildFile; fileRef = 4EFCD1DE2A0280D5004F87BE /* Endpoint.swift */; };
		4EFCD1E52A028158004F87BE /* NetworkType.swift in Sources */ = {isa = PBXBuildFile; fileRef = 4EFCD1E42A028158004F87BE /* NetworkType.swift */; };
		4EFCD1E72A028173004F87BE /* NetworkError.swift in Sources */ = {isa = PBXBuildFile; fileRef = 4EFCD1E62A028173004F87BE /* NetworkError.swift */; };
		4EFCD1EA2A02818B004F87BE /* NetworkManager.swift in Sources */ = {isa = PBXBuildFile; fileRef = 4EFCD1E92A02818B004F87BE /* NetworkManager.swift */; };
		4EFCD1EC2A029154004F87BE /* NetworkMonitor.swift in Sources */ = {isa = PBXBuildFile; fileRef = 4EFCD1EB2A029154004F87BE /* NetworkMonitor.swift */; };
		4EFCD1EE2A029644004F87BE /* PhotoListProtocol .swift in Sources */ = {isa = PBXBuildFile; fileRef = 4EFCD1ED2A029644004F87BE /* PhotoListProtocol .swift */; };
		4EFCD1F02A0296AA004F87BE /* DataType.swift in Sources */ = {isa = PBXBuildFile; fileRef = 4EFCD1EF2A0296AA004F87BE /* DataType.swift */; };
		4EFCD1F22A029748004F87BE /* PhotoListService.swift in Sources */ = {isa = PBXBuildFile; fileRef = 4EFCD1F12A029748004F87BE /* PhotoListService.swift */; };
		4EFCD1F42A040872004F87BE /* Reachability.swift in Sources */ = {isa = PBXBuildFile; fileRef = 4EFCD1F32A040872004F87BE /* Reachability.swift */; };
		4EFCD1F62A04F308004F87BE /* CacheManager.swift in Sources */ = {isa = PBXBuildFile; fileRef = 4EFCD1F52A04F308004F87BE /* CacheManager.swift */; };
		4EFCD1F82A06DD06004F87BE /* CachedType.swift in Sources */ = {isa = PBXBuildFile; fileRef = 4EFCD1F72A06DD06004F87BE /* CachedType.swift */; };
		4EFCD1FA2A082113004F87BE /* PhotoListVM.swift in Sources */ = {isa = PBXBuildFile; fileRef = 4EFCD1F92A082113004F87BE /* PhotoListVM.swift */; };
		4EFCD1FE2A0829C7004F87BE /* PhotoListView.swift in Sources */ = {isa = PBXBuildFile; fileRef = 4EFCD1FD2A0829C7004F87BE /* PhotoListView.swift */; };
		4EFCD2002A0829D2004F87BE /* PhotoView.swift in Sources */ = {isa = PBXBuildFile; fileRef = 4EFCD1FF2A0829D2004F87BE /* PhotoView.swift */; };
/* End PBXBuildFile section */

/* Begin PBXContainerItemProxy section */
		4E9B42CB2998372100FB464D /* PBXContainerItemProxy */ = {
			isa = PBXContainerItemProxy;
			containerPortal = 4E9B42B22998372000FB464D /* Project object */;
			proxyType = 1;
			remoteGlobalIDString = 4E9B42B92998372000FB464D;
			remoteInfo = PhotoLessons;
		};
		4E9B42D52998372200FB464D /* PBXContainerItemProxy */ = {
			isa = PBXContainerItemProxy;
			containerPortal = 4E9B42B22998372000FB464D /* Project object */;
			proxyType = 1;
			remoteGlobalIDString = 4E9B42B92998372000FB464D;
			remoteInfo = PhotoLessons;
		};
/* End PBXContainerItemProxy section */

/* Begin PBXFileReference section */
		4E2303622A16C66100E46012 /* OfflineBarView.swift */ = {isa = PBXFileReference; lastKnownFileType = sourcecode.swift; path = OfflineBarView.swift; sourceTree = "<group>"; };
		4E2303642A16E2AC00E46012 /* LessonDetailViewController.swift */ = {isa = PBXFileReference; lastKnownFileType = sourcecode.swift; path = LessonDetailViewController.swift; sourceTree = "<group>"; };
		4E2303662A18B9D700E46012 /* DownloadButton.swift */ = {isa = PBXFileReference; lastKnownFileType = sourcecode.swift; path = DownloadButton.swift; sourceTree = "<group>"; };
		4E3390BB2A00F27100992071 /* Lesson.swift */ = {isa = PBXFileReference; lastKnownFileType = sourcecode.swift; path = Lesson.swift; sourceTree = "<group>"; };
		4E3773C62A1AAD76001B92C3 /* NetworkingTest.swift */ = {isa = PBXFileReference; lastKnownFileType = sourcecode.swift; path = NetworkingTest.swift; sourceTree = "<group>"; };
		4E9B42BA2998372000FB464D /* PhotoLessons.app */ = {isa = PBXFileReference; explicitFileType = wrapper.application; includeInIndex = 0; path = PhotoLessons.app; sourceTree = BUILT_PRODUCTS_DIR; };
		4E9B42BD2998372000FB464D /* PhotoLessonsApp.swift */ = {isa = PBXFileReference; lastKnownFileType = sourcecode.swift; path = PhotoLessonsApp.swift; sourceTree = "<group>"; };
		4E9B42BF2998372000FB464D /* ContentView.swift */ = {isa = PBXFileReference; lastKnownFileType = sourcecode.swift; path = ContentView.swift; sourceTree = "<group>"; };
		4E9B42C12998372100FB464D /* Assets.xcassets */ = {isa = PBXFileReference; lastKnownFileType = folder.assetcatalog; path = Assets.xcassets; sourceTree = "<group>"; };
		4E9B42C42998372100FB464D /* Preview Assets.xcassets */ = {isa = PBXFileReference; lastKnownFileType = folder.assetcatalog; path = "Preview Assets.xcassets"; sourceTree = "<group>"; };
		4E9B42CA2998372100FB464D /* PhotoLessonsTests.xctest */ = {isa = PBXFileReference; explicitFileType = wrapper.cfbundle; includeInIndex = 0; path = PhotoLessonsTests.xctest; sourceTree = BUILT_PRODUCTS_DIR; };
		4E9B42CE2998372200FB464D /* PhotoLessonsTests.swift */ = {isa = PBXFileReference; lastKnownFileType = sourcecode.swift; path = PhotoLessonsTests.swift; sourceTree = "<group>"; };
		4E9B42D42998372200FB464D /* PhotoLessonsUITests.xctest */ = {isa = PBXFileReference; explicitFileType = wrapper.cfbundle; includeInIndex = 0; path = PhotoLessonsUITests.xctest; sourceTree = BUILT_PRODUCTS_DIR; };
		4E9B42D82998372200FB464D /* PhotoLessonsUITests.swift */ = {isa = PBXFileReference; lastKnownFileType = sourcecode.swift; path = PhotoLessonsUITests.swift; sourceTree = "<group>"; };
		4E9B42DA2998372200FB464D /* PhotoLessonsUITestsLaunchTests.swift */ = {isa = PBXFileReference; lastKnownFileType = sourcecode.swift; path = PhotoLessonsUITestsLaunchTests.swift; sourceTree = "<group>"; };
		4EFCD1D82A028086004F87BE /* Constants .swift */ = {isa = PBXFileReference; lastKnownFileType = sourcecode.swift; path = "Constants .swift"; sourceTree = "<group>"; };
		4EFCD1DA2A02809D004F87BE /* HTTPRequestMethod.swift */ = {isa = PBXFileReference; lastKnownFileType = sourcecode.swift; path = HTTPRequestMethod.swift; sourceTree = "<group>"; };
		4EFCD1DC2A0280C0004F87BE /* URLRequest+init.swift */ = {isa = PBXFileReference; lastKnownFileType = sourcecode.swift; path = "URLRequest+init.swift"; sourceTree = "<group>"; };
		4EFCD1DE2A0280D5004F87BE /* Endpoint.swift */ = {isa = PBXFileReference; lastKnownFileType = sourcecode.swift; path = Endpoint.swift; sourceTree = "<group>"; };
		4EFCD1E42A028158004F87BE /* NetworkType.swift */ = {isa = PBXFileReference; lastKnownFileType = sourcecode.swift; path = NetworkType.swift; sourceTree = "<group>"; };
		4EFCD1E62A028173004F87BE /* NetworkError.swift */ = {isa = PBXFileReference; lastKnownFileType = sourcecode.swift; path = NetworkError.swift; sourceTree = "<group>"; };
		4EFCD1E92A02818B004F87BE /* NetworkManager.swift */ = {isa = PBXFileReference; lastKnownFileType = sourcecode.swift; path = NetworkManager.swift; sourceTree = "<group>"; };
		4EFCD1EB2A029154004F87BE /* NetworkMonitor.swift */ = {isa = PBXFileReference; lastKnownFileType = sourcecode.swift; path = NetworkMonitor.swift; sourceTree = "<group>"; };
		4EFCD1ED2A029644004F87BE /* PhotoListProtocol .swift */ = {isa = PBXFileReference; lastKnownFileType = sourcecode.swift; path = "PhotoListProtocol .swift"; sourceTree = "<group>"; };
		4EFCD1EF2A0296AA004F87BE /* DataType.swift */ = {isa = PBXFileReference; lastKnownFileType = sourcecode.swift; path = DataType.swift; sourceTree = "<group>"; };
		4EFCD1F12A029748004F87BE /* PhotoListService.swift */ = {isa = PBXFileReference; lastKnownFileType = sourcecode.swift; path = PhotoListService.swift; sourceTree = "<group>"; };
		4EFCD1F32A040872004F87BE /* Reachability.swift */ = {isa = PBXFileReference; lastKnownFileType = sourcecode.swift; path = Reachability.swift; sourceTree = "<group>"; };
		4EFCD1F52A04F308004F87BE /* CacheManager.swift */ = {isa = PBXFileReference; lastKnownFileType = sourcecode.swift; path = CacheManager.swift; sourceTree = "<group>"; };
		4EFCD1F72A06DD06004F87BE /* CachedType.swift */ = {isa = PBXFileReference; lastKnownFileType = sourcecode.swift; path = CachedType.swift; sourceTree = "<group>"; };
		4EFCD1F92A082113004F87BE /* PhotoListVM.swift */ = {isa = PBXFileReference; lastKnownFileType = sourcecode.swift; path = PhotoListVM.swift; sourceTree = "<group>"; };
		4EFCD1FD2A0829C7004F87BE /* PhotoListView.swift */ = {isa = PBXFileReference; lastKnownFileType = sourcecode.swift; path = PhotoListView.swift; sourceTree = "<group>"; };
		4EFCD1FF2A0829D2004F87BE /* PhotoView.swift */ = {isa = PBXFileReference; lastKnownFileType = sourcecode.swift; path = PhotoView.swift; sourceTree = "<group>"; };
/* End PBXFileReference section */

/* Begin PBXFrameworksBuildPhase section */
		4E9B42B72998372000FB464D /* Frameworks */ = {
			isa = PBXFrameworksBuildPhase;
			buildActionMask = 2147483647;
			files = (
			);
			runOnlyForDeploymentPostprocessing = 0;
		};
		4E9B42C72998372100FB464D /* Frameworks */ = {
			isa = PBXFrameworksBuildPhase;
			buildActionMask = 2147483647;
			files = (
			);
			runOnlyForDeploymentPostprocessing = 0;
		};
		4E9B42D12998372200FB464D /* Frameworks */ = {
			isa = PBXFrameworksBuildPhase;
			buildActionMask = 2147483647;
			files = (
			);
			runOnlyForDeploymentPostprocessing = 0;
		};
/* End PBXFrameworksBuildPhase section */

/* Begin PBXGroup section */
		4E3390BA2A00F23100992071 /* model */ = {
			isa = PBXGroup;
			children = (
				4E3390BB2A00F27100992071 /* Lesson.swift */,
				4EFCD1EF2A0296AA004F87BE /* DataType.swift */,
			);
			path = model;
			sourceTree = "<group>";
		};
		4E9B42B12998372000FB464D = {
			isa = PBXGroup;
			children = (
				4E9B42BC2998372000FB464D /* PhotoLessons */,
				4E9B42CD2998372200FB464D /* PhotoLessonsTests */,
				4E9B42D72998372200FB464D /* PhotoLessonsUITests */,
				4E9B42BB2998372000FB464D /* Products */,
			);
			sourceTree = "<group>";
		};
		4E9B42BB2998372000FB464D /* Products */ = {
			isa = PBXGroup;
			children = (
				4E9B42BA2998372000FB464D /* PhotoLessons.app */,
				4E9B42CA2998372100FB464D /* PhotoLessonsTests.xctest */,
				4E9B42D42998372200FB464D /* PhotoLessonsUITests.xctest */,
			);
			name = Products;
			sourceTree = "<group>";
		};
		4E9B42BC2998372000FB464D /* PhotoLessons */ = {
			isa = PBXGroup;
			children = (
				4EFCD1D62A028060004F87BE /* network */,
				4EFCD1D42A028043004F87BE /* utils */,
				4EFCD1D32A028036004F87BE /* services  */,
				4EFCD1D22A028020004F87BE /* core */,
				4E3390BA2A00F23100992071 /* model */,
				4E9B42BD2998372000FB464D /* PhotoLessonsApp.swift */,
				4E9B42BF2998372000FB464D /* ContentView.swift */,
				4E9B42C12998372100FB464D /* Assets.xcassets */,
				4E9B42C32998372100FB464D /* Preview Content */,
			);
			path = PhotoLessons;
			sourceTree = "<group>";
		};
		4E9B42C32998372100FB464D /* Preview Content */ = {
			isa = PBXGroup;
			children = (
				4E9B42C42998372100FB464D /* Preview Assets.xcassets */,
			);
			path = "Preview Content";
			sourceTree = "<group>";
		};
		4E9B42CD2998372200FB464D /* PhotoLessonsTests */ = {
			isa = PBXGroup;
			children = (
				4E9B42CE2998372200FB464D /* PhotoLessonsTests.swift */,
				4E3773C62A1AAD76001B92C3 /* NetworkingTest.swift */,
			);
			path = PhotoLessonsTests;
			sourceTree = "<group>";
		};
		4E9B42D72998372200FB464D /* PhotoLessonsUITests */ = {
			isa = PBXGroup;
			children = (
				4E9B42D82998372200FB464D /* PhotoLessonsUITests.swift */,
				4E9B42DA2998372200FB464D /* PhotoLessonsUITestsLaunchTests.swift */,
			);
			path = PhotoLessonsUITests;
			sourceTree = "<group>";
		};
		4EFCD1D22A028020004F87BE /* core */ = {
			isa = PBXGroup;
			children = (
				4EFCD1E12A0280ED004F87BE /* photodetails */,
				4EFCD1E02A0280E6004F87BE /* photos */,
			);
			path = core;
			sourceTree = "<group>";
		};
		4EFCD1D32A028036004F87BE /* services  */ = {
			isa = PBXGroup;
			children = (
				4EFCD1E22A028115004F87BE /* photoListService */,
			);
			name = "services ";
			path = "New Group";
			sourceTree = "<group>";
		};
		4EFCD1D42A028043004F87BE /* utils */ = {
			isa = PBXGroup;
			children = (
				4EFCD1EB2A029154004F87BE /* NetworkMonitor.swift */,
				4EFCD1F32A040872004F87BE /* Reachability.swift */,
				4E2303622A16C66100E46012 /* OfflineBarView.swift */,
				4E2303662A18B9D700E46012 /* DownloadButton.swift */,
			);
			path = utils;
			sourceTree = "<group>";
		};
		4EFCD1D62A028060004F87BE /* network */ = {
			isa = PBXGroup;
			children = (
				4EFCD1D72A028076004F87BE /* endpoints */,
				4EFCD1E42A028158004F87BE /* NetworkType.swift */,
				4EFCD1E62A028173004F87BE /* NetworkError.swift */,
				4EFCD1E92A02818B004F87BE /* NetworkManager.swift */,
				4EFCD1F52A04F308004F87BE /* CacheManager.swift */,
				4EFCD1F72A06DD06004F87BE /* CachedType.swift */,
			);
			path = network;
			sourceTree = "<group>";
		};
		4EFCD1D72A028076004F87BE /* endpoints */ = {
			isa = PBXGroup;
			children = (
				4EFCD1D82A028086004F87BE /* Constants .swift */,
				4EFCD1DA2A02809D004F87BE /* HTTPRequestMethod.swift */,
				4EFCD1DC2A0280C0004F87BE /* URLRequest+init.swift */,
				4EFCD1DE2A0280D5004F87BE /* Endpoint.swift */,
			);
			path = endpoints;
			sourceTree = "<group>";
		};
		4EFCD1E02A0280E6004F87BE /* photos */ = {
			isa = PBXGroup;
			children = (
				4EFCD1F92A082113004F87BE /* PhotoListVM.swift */,
				4EFCD1FD2A0829C7004F87BE /* PhotoListView.swift */,
				4EFCD1FF2A0829D2004F87BE /* PhotoView.swift */,
			);
			path = photos;
			sourceTree = "<group>";
		};
		4EFCD1E12A0280ED004F87BE /* photodetails */ = {
			isa = PBXGroup;
			children = (
				4E2303642A16E2AC00E46012 /* LessonDetailViewController.swift */,
			);
			path = photodetails;
			sourceTree = "<group>";
		};
		4EFCD1E22A028115004F87BE /* photoListService */ = {
			isa = PBXGroup;
			children = (
				4EFCD1ED2A029644004F87BE /* PhotoListProtocol .swift */,
				4EFCD1F12A029748004F87BE /* PhotoListService.swift */,
			);
			path = photoListService;
			sourceTree = "<group>";
		};
/* End PBXGroup section */

/* Begin PBXNativeTarget section */
		4E9B42B92998372000FB464D /* PhotoLessons */ = {
			isa = PBXNativeTarget;
			buildConfigurationList = 4E9B42DE2998372200FB464D /* Build configuration list for PBXNativeTarget "PhotoLessons" */;
			buildPhases = (
				4E9B42B62998372000FB464D /* Sources */,
				4E9B42B72998372000FB464D /* Frameworks */,
				4E9B42B82998372000FB464D /* Resources */,
			);
			buildRules = (
			);
			dependencies = (
			);
			name = PhotoLessons;
			productName = PhotoLessons;
			productReference = 4E9B42BA2998372000FB464D /* PhotoLessons.app */;
			productType = "com.apple.product-type.application";
		};
		4E9B42C92998372100FB464D /* PhotoLessonsTests */ = {
			isa = PBXNativeTarget;
			buildConfigurationList = 4E9B42E12998372200FB464D /* Build configuration list for PBXNativeTarget "PhotoLessonsTests" */;
			buildPhases = (
				4E9B42C62998372100FB464D /* Sources */,
				4E9B42C72998372100FB464D /* Frameworks */,
				4E9B42C82998372100FB464D /* Resources */,
			);
			buildRules = (
			);
			dependencies = (
				4E9B42CC2998372100FB464D /* PBXTargetDependency */,
			);
			name = PhotoLessonsTests;
			productName = PhotoLessonsTests;
			productReference = 4E9B42CA2998372100FB464D /* PhotoLessonsTests.xctest */;
			productType = "com.apple.product-type.bundle.unit-test";
		};
		4E9B42D32998372200FB464D /* PhotoLessonsUITests */ = {
			isa = PBXNativeTarget;
			buildConfigurationList = 4E9B42E42998372200FB464D /* Build configuration list for PBXNativeTarget "PhotoLessonsUITests" */;
			buildPhases = (
				4E9B42D02998372200FB464D /* Sources */,
				4E9B42D12998372200FB464D /* Frameworks */,
				4E9B42D22998372200FB464D /* Resources */,
			);
			buildRules = (
			);
			dependencies = (
				4E9B42D62998372200FB464D /* PBXTargetDependency */,
			);
			name = PhotoLessonsUITests;
			productName = PhotoLessonsUITests;
			productReference = 4E9B42D42998372200FB464D /* PhotoLessonsUITests.xctest */;
			productType = "com.apple.product-type.bundle.ui-testing";
		};
/* End PBXNativeTarget section */

/* Begin PBXProject section */
		4E9B42B22998372000FB464D /* Project object */ = {
			isa = PBXProject;
			attributes = {
				BuildIndependentTargetsInParallel = 1;
				LastSwiftUpdateCheck = 1420;
				LastUpgradeCheck = 1420;
				TargetAttributes = {
					4E9B42B92998372000FB464D = {
						CreatedOnToolsVersion = 14.2;
					};
					4E9B42C92998372100FB464D = {
						CreatedOnToolsVersion = 14.2;
						TestTargetID = 4E9B42B92998372000FB464D;
					};
					4E9B42D32998372200FB464D = {
						CreatedOnToolsVersion = 14.2;
						TestTargetID = 4E9B42B92998372000FB464D;
					};
				};
			};
			buildConfigurationList = 4E9B42B52998372000FB464D /* Build configuration list for PBXProject "PhotoLessons" */;
			compatibilityVersion = "Xcode 14.0";
			developmentRegion = en;
			hasScannedForEncodings = 0;
			knownRegions = (
				en,
				Base,
			);
			mainGroup = 4E9B42B12998372000FB464D;
			productRefGroup = 4E9B42BB2998372000FB464D /* Products */;
			projectDirPath = "";
			projectRoot = "";
			targets = (
				4E9B42B92998372000FB464D /* PhotoLessons */,
				4E9B42C92998372100FB464D /* PhotoLessonsTests */,
				4E9B42D32998372200FB464D /* PhotoLessonsUITests */,
			);
		};
/* End PBXProject section */

/* Begin PBXResourcesBuildPhase section */
		4E9B42B82998372000FB464D /* Resources */ = {
			isa = PBXResourcesBuildPhase;
			buildActionMask = 2147483647;
			files = (
				4E9B42C52998372100FB464D /* Preview Assets.xcassets in Resources */,
				4E9B42C22998372100FB464D /* Assets.xcassets in Resources */,
			);
			runOnlyForDeploymentPostprocessing = 0;
		};
		4E9B42C82998372100FB464D /* Resources */ = {
			isa = PBXResourcesBuildPhase;
			buildActionMask = 2147483647;
			files = (
			);
			runOnlyForDeploymentPostprocessing = 0;
		};
		4E9B42D22998372200FB464D /* Resources */ = {
			isa = PBXResourcesBuildPhase;
			buildActionMask = 2147483647;
			files = (
			);
			runOnlyForDeploymentPostprocessing = 0;
		};
/* End PBXResourcesBuildPhase section */

/* Begin PBXSourcesBuildPhase section */
		4E9B42B62998372000FB464D /* Sources */ = {
			isa = PBXSourcesBuildPhase;
			buildActionMask = 2147483647;
			files = (
				4EFCD1F02A0296AA004F87BE /* DataType.swift in Sources */,
				4EFCD1EC2A029154004F87BE /* NetworkMonitor.swift in Sources */,
				4EFCD1FE2A0829C7004F87BE /* PhotoListView.swift in Sources */,
				4EFCD2002A0829D2004F87BE /* PhotoView.swift in Sources */,
				4EFCD1E52A028158004F87BE /* NetworkType.swift in Sources */,
				4EFCD1DF2A0280D5004F87BE /* Endpoint.swift in Sources */,
				4EFCD1EE2A029644004F87BE /* PhotoListProtocol .swift in Sources */,
				4EFCD1EA2A02818B004F87BE /* NetworkManager.swift in Sources */,
				4E2303632A16C66100E46012 /* OfflineBarView.swift in Sources */,
				4EFCD1D92A028086004F87BE /* Constants .swift in Sources */,
				4EFCD1DD2A0280C0004F87BE /* URLRequest+init.swift in Sources */,
				4EFCD1F42A040872004F87BE /* Reachability.swift in Sources */,
				4E2303652A16E2AC00E46012 /* LessonDetailViewController.swift in Sources */,
				4E9B42C02998372000FB464D /* ContentView.swift in Sources */,
				4EFCD1F62A04F308004F87BE /* CacheManager.swift in Sources */,
				4E3390BC2A00F27100992071 /* Lesson.swift in Sources */,
				4EFCD1F22A029748004F87BE /* PhotoListService.swift in Sources */,
				4EFCD1FA2A082113004F87BE /* PhotoListVM.swift in Sources */,
				4EFCD1E72A028173004F87BE /* NetworkError.swift in Sources */,
				4E2303672A18B9D700E46012 /* DownloadButton.swift in Sources */,
				4E9B42BE2998372000FB464D /* PhotoLessonsApp.swift in Sources */,
				4EFCD1DB2A02809D004F87BE /* HTTPRequestMethod.swift in Sources */,
				4EFCD1F82A06DD06004F87BE /* CachedType.swift in Sources */,
			);
			runOnlyForDeploymentPostprocessing = 0;
		};
		4E9B42C62998372100FB464D /* Sources */ = {
			isa = PBXSourcesBuildPhase;
			buildActionMask = 2147483647;
			files = (
				4E9B42CF2998372200FB464D /* PhotoLessonsTests.swift in Sources */,
				4E3773C72A1AAD76001B92C3 /* NetworkingTest.swift in Sources */,
			);
			runOnlyForDeploymentPostprocessing = 0;
		};
		4E9B42D02998372200FB464D /* Sources */ = {
			isa = PBXSourcesBuildPhase;
			buildActionMask = 2147483647;
			files = (
				4E9B42D92998372200FB464D /* PhotoLessonsUITests.swift in Sources */,
				4E9B42DB2998372200FB464D /* PhotoLessonsUITestsLaunchTests.swift in Sources */,
			);
			runOnlyForDeploymentPostprocessing = 0;
		};
/* End PBXSourcesBuildPhase section */

/* Begin PBXTargetDependency section */
		4E9B42CC2998372100FB464D /* PBXTargetDependency */ = {
			isa = PBXTargetDependency;
			target = 4E9B42B92998372000FB464D /* PhotoLessons */;
			targetProxy = 4E9B42CB2998372100FB464D /* PBXContainerItemProxy */;
		};
		4E9B42D62998372200FB464D /* PBXTargetDependency */ = {
			isa = PBXTargetDependency;
			target = 4E9B42B92998372000FB464D /* PhotoLessons */;
			targetProxy = 4E9B42D52998372200FB464D /* PBXContainerItemProxy */;
		};
/* End PBXTargetDependency section */

/* Begin XCBuildConfiguration section */
		4E9B42DC2998372200FB464D /* Debug */ = {
			isa = XCBuildConfiguration;
			buildSettings = {
				ALWAYS_SEARCH_USER_PATHS = NO;
				CLANG_ANALYZER_NONNULL = YES;
				CLANG_ANALYZER_NUMBER_OBJECT_CONVERSION = YES_AGGRESSIVE;
				CLANG_CXX_LANGUAGE_STANDARD = "gnu++20";
				CLANG_ENABLE_MODULES = YES;
				CLANG_ENABLE_OBJC_ARC = YES;
				CLANG_ENABLE_OBJC_WEAK = YES;
				CLANG_WARN_BLOCK_CAPTURE_AUTORELEASING = YES;
				CLANG_WARN_BOOL_CONVERSION = YES;
				CLANG_WARN_COMMA = YES;
				CLANG_WARN_CONSTANT_CONVERSION = YES;
				CLANG_WARN_DEPRECATED_OBJC_IMPLEMENTATIONS = YES;
				CLANG_WARN_DIRECT_OBJC_ISA_USAGE = YES_ERROR;
				CLANG_WARN_DOCUMENTATION_COMMENTS = YES;
				CLANG_WARN_EMPTY_BODY = YES;
				CLANG_WARN_ENUM_CONVERSION = YES;
				CLANG_WARN_INFINITE_RECURSION = YES;
				CLANG_WARN_INT_CONVERSION = YES;
				CLANG_WARN_NON_LITERAL_NULL_CONVERSION = YES;
				CLANG_WARN_OBJC_IMPLICIT_RETAIN_SELF = YES;
				CLANG_WARN_OBJC_LITERAL_CONVERSION = YES;
				CLANG_WARN_OBJC_ROOT_CLASS = YES_ERROR;
				CLANG_WARN_QUOTED_INCLUDE_IN_FRAMEWORK_HEADER = YES;
				CLANG_WARN_RANGE_LOOP_ANALYSIS = YES;
				CLANG_WARN_STRICT_PROTOTYPES = YES;
				CLANG_WARN_SUSPICIOUS_MOVE = YES;
				CLANG_WARN_UNGUARDED_AVAILABILITY = YES_AGGRESSIVE;
				CLANG_WARN_UNREACHABLE_CODE = YES;
				CLANG_WARN__DUPLICATE_METHOD_MATCH = YES;
				COPY_PHASE_STRIP = NO;
				DEBUG_INFORMATION_FORMAT = dwarf;
				ENABLE_STRICT_OBJC_MSGSEND = YES;
				ENABLE_TESTABILITY = YES;
				GCC_C_LANGUAGE_STANDARD = gnu11;
				GCC_DYNAMIC_NO_PIC = NO;
				GCC_NO_COMMON_BLOCKS = YES;
				GCC_OPTIMIZATION_LEVEL = 0;
				GCC_PREPROCESSOR_DEFINITIONS = (
					"DEBUG=1",
					"$(inherited)",
				);
				GCC_WARN_64_TO_32_BIT_CONVERSION = YES;
				GCC_WARN_ABOUT_RETURN_TYPE = YES_ERROR;
				GCC_WARN_UNDECLARED_SELECTOR = YES;
				GCC_WARN_UNINITIALIZED_AUTOS = YES_AGGRESSIVE;
				GCC_WARN_UNUSED_FUNCTION = YES;
				GCC_WARN_UNUSED_VARIABLE = YES;
				IPHONEOS_DEPLOYMENT_TARGET = 16.2;
				MTL_ENABLE_DEBUG_INFO = INCLUDE_SOURCE;
				MTL_FAST_MATH = YES;
				ONLY_ACTIVE_ARCH = YES;
				SDKROOT = iphoneos;
				SWIFT_ACTIVE_COMPILATION_CONDITIONS = DEBUG;
				SWIFT_OPTIMIZATION_LEVEL = "-Onone";
			};
			name = Debug;
		};
		4E9B42DD2998372200FB464D /* Release */ = {
			isa = XCBuildConfiguration;
			buildSettings = {
				ALWAYS_SEARCH_USER_PATHS = NO;
				CLANG_ANALYZER_NONNULL = YES;
				CLANG_ANALYZER_NUMBER_OBJECT_CONVERSION = YES_AGGRESSIVE;
				CLANG_CXX_LANGUAGE_STANDARD = "gnu++20";
				CLANG_ENABLE_MODULES = YES;
				CLANG_ENABLE_OBJC_ARC = YES;
				CLANG_ENABLE_OBJC_WEAK = YES;
				CLANG_WARN_BLOCK_CAPTURE_AUTORELEASING = YES;
				CLANG_WARN_BOOL_CONVERSION = YES;
				CLANG_WARN_COMMA = YES;
				CLANG_WARN_CONSTANT_CONVERSION = YES;
				CLANG_WARN_DEPRECATED_OBJC_IMPLEMENTATIONS = YES;
				CLANG_WARN_DIRECT_OBJC_ISA_USAGE = YES_ERROR;
				CLANG_WARN_DOCUMENTATION_COMMENTS = YES;
				CLANG_WARN_EMPTY_BODY = YES;
				CLANG_WARN_ENUM_CONVERSION = YES;
				CLANG_WARN_INFINITE_RECURSION = YES;
				CLANG_WARN_INT_CONVERSION = YES;
				CLANG_WARN_NON_LITERAL_NULL_CONVERSION = YES;
				CLANG_WARN_OBJC_IMPLICIT_RETAIN_SELF = YES;
				CLANG_WARN_OBJC_LITERAL_CONVERSION = YES;
				CLANG_WARN_OBJC_ROOT_CLASS = YES_ERROR;
				CLANG_WARN_QUOTED_INCLUDE_IN_FRAMEWORK_HEADER = YES;
				CLANG_WARN_RANGE_LOOP_ANALYSIS = YES;
				CLANG_WARN_STRICT_PROTOTYPES = YES;
				CLANG_WARN_SUSPICIOUS_MOVE = YES;
				CLANG_WARN_UNGUARDED_AVAILABILITY = YES_AGGRESSIVE;
				CLANG_WARN_UNREACHABLE_CODE = YES;
				CLANG_WARN__DUPLICATE_METHOD_MATCH = YES;
				COPY_PHASE_STRIP = NO;
				DEBUG_INFORMATION_FORMAT = "dwarf-with-dsym";
				ENABLE_NS_ASSERTIONS = NO;
				ENABLE_STRICT_OBJC_MSGSEND = YES;
				GCC_C_LANGUAGE_STANDARD = gnu11;
				GCC_NO_COMMON_BLOCKS = YES;
				GCC_WARN_64_TO_32_BIT_CONVERSION = YES;
				GCC_WARN_ABOUT_RETURN_TYPE = YES_ERROR;
				GCC_WARN_UNDECLARED_SELECTOR = YES;
				GCC_WARN_UNINITIALIZED_AUTOS = YES_AGGRESSIVE;
				GCC_WARN_UNUSED_FUNCTION = YES;
				GCC_WARN_UNUSED_VARIABLE = YES;
				IPHONEOS_DEPLOYMENT_TARGET = 16.2;
				MTL_ENABLE_DEBUG_INFO = NO;
				MTL_FAST_MATH = YES;
				SDKROOT = iphoneos;
				SWIFT_COMPILATION_MODE = wholemodule;
				SWIFT_OPTIMIZATION_LEVEL = "-O";
				VALIDATE_PRODUCT = YES;
			};
			name = Release;
		};
		4E9B42DF2998372200FB464D /* Debug */ = {
			isa = XCBuildConfiguration;
			buildSettings = {
				ASSETCATALOG_COMPILER_APPICON_NAME = AppIcon;
				ASSETCATALOG_COMPILER_GLOBAL_ACCENT_COLOR_NAME = AccentColor;
				CODE_SIGN_STYLE = Automatic;
				CURRENT_PROJECT_VERSION = 1;
				DEVELOPMENT_ASSET_PATHS = "\"PhotoLessons/Preview Content\"";
				DEVELOPMENT_TEAM = V7FHXQ47S9;
				ENABLE_PREVIEWS = YES;
				GENERATE_INFOPLIST_FILE = YES;
				INFOPLIST_KEY_UIApplicationSceneManifest_Generation = YES;
				INFOPLIST_KEY_UIApplicationSupportsIndirectInputEvents = YES;
				INFOPLIST_KEY_UILaunchScreen_Generation = YES;
				INFOPLIST_KEY_UISupportedInterfaceOrientations_iPad = "UIInterfaceOrientationPortrait UIInterfaceOrientationPortraitUpsideDown UIInterfaceOrientationLandscapeLeft UIInterfaceOrientationLandscapeRight";
				INFOPLIST_KEY_UISupportedInterfaceOrientations_iPhone = "UIInterfaceOrientationPortrait UIInterfaceOrientationLandscapeLeft UIInterfaceOrientationLandscapeRight";
				LD_RUNPATH_SEARCH_PATHS = (
					"$(inherited)",
					"@executable_path/Frameworks",
				);
				MARKETING_VERSION = 1.0;
				PRODUCT_BUNDLE_IDENTIFIER = Noel.PhotoLessons;
				PRODUCT_NAME = "$(TARGET_NAME)";
				SWIFT_EMIT_LOC_STRINGS = YES;
				SWIFT_VERSION = 5.0;
				TARGETED_DEVICE_FAMILY = "1,2";
			};
			name = Debug;
		};
		4E9B42E02998372200FB464D /* Release */ = {
			isa = XCBuildConfiguration;
			buildSettings = {
				ASSETCATALOG_COMPILER_APPICON_NAME = AppIcon;
				ASSETCATALOG_COMPILER_GLOBAL_ACCENT_COLOR_NAME = AccentColor;
				CODE_SIGN_STYLE = Automatic;
				CURRENT_PROJECT_VERSION = 1;
				DEVELOPMENT_ASSET_PATHS = "\"PhotoLessons/Preview Content\"";
				DEVELOPMENT_TEAM = V7FHXQ47S9;
				ENABLE_PREVIEWS = YES;
				GENERATE_INFOPLIST_FILE = YES;
				INFOPLIST_KEY_UIApplicationSceneManifest_Generation = YES;
				INFOPLIST_KEY_UIApplicationSupportsIndirectInputEvents = YES;
				INFOPLIST_KEY_UILaunchScreen_Generation = YES;
				INFOPLIST_KEY_UISupportedInterfaceOrientations_iPad = "UIInterfaceOrientationPortrait UIInterfaceOrientationPortraitUpsideDown UIInterfaceOrientationLandscapeLeft UIInterfaceOrientationLandscapeRight";
				INFOPLIST_KEY_UISupportedInterfaceOrientations_iPhone = "UIInterfaceOrientationPortrait UIInterfaceOrientationLandscapeLeft UIInterfaceOrientationLandscapeRight";
				LD_RUNPATH_SEARCH_PATHS = (
					"$(inherited)",
					"@executable_path/Frameworks",
				);
				MARKETING_VERSION = 1.0;
				PRODUCT_BUNDLE_IDENTIFIER = Noel.PhotoLessons;
				PRODUCT_NAME = "$(TARGET_NAME)";
				SWIFT_EMIT_LOC_STRINGS = YES;
				SWIFT_VERSION = 5.0;
				TARGETED_DEVICE_FAMILY = "1,2";
			};
			name = Release;
		};
		4E9B42E22998372200FB464D /* Debug */ = {
			isa = XCBuildConfiguration;
			buildSettings = {
				ALWAYS_EMBED_SWIFT_STANDARD_LIBRARIES = YES;
				BUNDLE_LOADER = "$(TEST_HOST)";
				CODE_SIGN_STYLE = Automatic;
				CURRENT_PROJECT_VERSION = 1;
				DEVELOPMENT_TEAM = V7FHXQ47S9;
				GENERATE_INFOPLIST_FILE = YES;
				IPHONEOS_DEPLOYMENT_TARGET = 16.2;
				MARKETING_VERSION = 1.0;
				PRODUCT_BUNDLE_IDENTIFIER = Noel.PhotoLessonsTests;
				PRODUCT_NAME = "$(TARGET_NAME)";
				SWIFT_EMIT_LOC_STRINGS = NO;
				SWIFT_VERSION = 5.0;
				TARGETED_DEVICE_FAMILY = "1,2";
				TEST_HOST = "$(BUILT_PRODUCTS_DIR)/PhotoLessons.app/$(BUNDLE_EXECUTABLE_FOLDER_PATH)/PhotoLessons";
			};
			name = Debug;
		};
		4E9B42E32998372200FB464D /* Release */ = {
			isa = XCBuildConfiguration;
			buildSettings = {
				ALWAYS_EMBED_SWIFT_STANDARD_LIBRARIES = YES;
				BUNDLE_LOADER = "$(TEST_HOST)";
				CODE_SIGN_STYLE = Automatic;
				CURRENT_PROJECT_VERSION = 1;
				DEVELOPMENT_TEAM = V7FHXQ47S9;
				GENERATE_INFOPLIST_FILE = YES;
				IPHONEOS_DEPLOYMENT_TARGET = 16.2;
				MARKETING_VERSION = 1.0;
				PRODUCT_BUNDLE_IDENTIFIER = Noel.PhotoLessonsTests;
				PRODUCT_NAME = "$(TARGET_NAME)";
				SWIFT_EMIT_LOC_STRINGS = NO;
				SWIFT_VERSION = 5.0;
				TARGETED_DEVICE_FAMILY = "1,2";
				TEST_HOST = "$(BUILT_PRODUCTS_DIR)/PhotoLessons.app/$(BUNDLE_EXECUTABLE_FOLDER_PATH)/PhotoLessons";
			};
			name = Release;
		};
		4E9B42E52998372200FB464D /* Debug */ = {
			isa = XCBuildConfiguration;
			buildSettings = {
				ALWAYS_EMBED_SWIFT_STANDARD_LIBRARIES = YES;
				CODE_SIGN_STYLE = Automatic;
				CURRENT_PROJECT_VERSION = 1;
				DEVELOPMENT_TEAM = V7FHXQ47S9;
				GENERATE_INFOPLIST_FILE = YES;
				MARKETING_VERSION = 1.0;
				PRODUCT_BUNDLE_IDENTIFIER = Noel.PhotoLessonsUITests;
				PRODUCT_NAME = "$(TARGET_NAME)";
				SWIFT_EMIT_LOC_STRINGS = NO;
				SWIFT_VERSION = 5.0;
				TARGETED_DEVICE_FAMILY = "1,2";
				TEST_TARGET_NAME = PhotoLessons;
			};
			name = Debug;
		};
		4E9B42E62998372200FB464D /* Release */ = {
			isa = XCBuildConfiguration;
			buildSettings = {
				ALWAYS_EMBED_SWIFT_STANDARD_LIBRARIES = YES;
				CODE_SIGN_STYLE = Automatic;
				CURRENT_PROJECT_VERSION = 1;
				DEVELOPMENT_TEAM = V7FHXQ47S9;
				GENERATE_INFOPLIST_FILE = YES;
				MARKETING_VERSION = 1.0;
				PRODUCT_BUNDLE_IDENTIFIER = Noel.PhotoLessonsUITests;
				PRODUCT_NAME = "$(TARGET_NAME)";
				SWIFT_EMIT_LOC_STRINGS = NO;
				SWIFT_VERSION = 5.0;
				TARGETED_DEVICE_FAMILY = "1,2";
				TEST_TARGET_NAME = PhotoLessons;
			};
			name = Release;
		};
/* End XCBuildConfiguration section */

/* Begin XCConfigurationList section */
		4E9B42B52998372000FB464D /* Build configuration list for PBXProject "PhotoLessons" */ = {
			isa = XCConfigurationList;
			buildConfigurations = (
				4E9B42DC2998372200FB464D /* Debug */,
				4E9B42DD2998372200FB464D /* Release */,
			);
			defaultConfigurationIsVisible = 0;
			defaultConfigurationName = Release;
		};
		4E9B42DE2998372200FB464D /* Build configuration list for PBXNativeTarget "PhotoLessons" */ = {
			isa = XCConfigurationList;
			buildConfigurations = (
				4E9B42DF2998372200FB464D /* Debug */,
				4E9B42E02998372200FB464D /* Release */,
			);
			defaultConfigurationIsVisible = 0;
			defaultConfigurationName = Release;
		};
		4E9B42E12998372200FB464D /* Build configuration list for PBXNativeTarget "PhotoLessonsTests" */ = {
			isa = XCConfigurationList;
			buildConfigurations = (
				4E9B42E22998372200FB464D /* Debug */,
				4E9B42E32998372200FB464D /* Release */,
			);
			defaultConfigurationIsVisible = 0;
			defaultConfigurationName = Release;
		};
		4E9B42E42998372200FB464D /* Build configuration list for PBXNativeTarget "PhotoLessonsUITests" */ = {
			isa = XCConfigurationList;
			buildConfigurations = (
				4E9B42E52998372200FB464D /* Debug */,
				4E9B42E62998372200FB464D /* Release */,
			);
			defaultConfigurationIsVisible = 0;
			defaultConfigurationName = Release;
		};
/* End XCConfigurationList section */
	};
	rootObject = 4E9B42B22998372000FB464D /* Project object */;
}
